<?xml version="1.0" encoding="utf-8"?>
<Project ToolsVersion="4.0" xmlns="http://schemas.microsoft.com/developer/msbuild/2003">
  <ItemGroup>
    <Filter Include="source">
      <UniqueIdentifier>{a5937bb3-c620-4aab-b8f9-e943588dc5e7}</UniqueIdentifier>
    </Filter>
    <Filter Include="include">
      <UniqueIdentifier>{46073d7c-bce5-42a1-b704-8ee63774878c}</UniqueIdentifier>
    </Filter>
    <Filter Include="source\net">
      <UniqueIdentifier>{d1984b24-22a9-4dd6-9f2a-e7af14743571}</UniqueIdentifier>
    </Filter>
    <Filter Include="include\net">
      <UniqueIdentifier>{ebe0e8a3-a934-4c05-8e63-8e7c6991483e}</UniqueIdentifier>
    </Filter>
    <Filter Include="include\core">
      <UniqueIdentifier>{85370022-6dac-4e41-9dfa-e5a50dd32a94}</UniqueIdentifier>
    </Filter>
    <Filter Include="source\core">
      <UniqueIdentifier>{82103f8f-0307-4ab6-ac6f-b043fd4d7540}</UniqueIdentifier>
    </Filter>
    <Filter Include="include\client">
      <UniqueIdentifier>{ba31c885-614c-4b6f-884a-5da7a98dd8c7}</UniqueIdentifier>
    </Filter>
    <Filter Include="source\client">
      <UniqueIdentifier>{fe821fdb-312a-4b42-a04b-f5ace7b0c64b}</UniqueIdentifier>
    </Filter>
    <Filter Include="include\server">
      <UniqueIdentifier>{73dd9e33-422d-4b95-8392-b3e81498b6c9}</UniqueIdentifier>
    </Filter>
    <Filter Include="source\server">
      <UniqueIdentifier>{0b78ea69-9fa7-40dc-a29c-62125dcfcabb}</UniqueIdentifier>
    </Filter>
    <Filter Include="include\headers">
      <UniqueIdentifier>{12b15611-a106-460e-96db-92793705e84b}</UniqueIdentifier>
    </Filter>
    <Filter Include="source\headers">
      <UniqueIdentifier>{c25e26ac-de73-421b-af90-738ca134793f}</UniqueIdentifier>
    </Filter>
  </ItemGroup>
  <ItemGroup>
    <ClInclude Include="include\http\Time.hpp">
      <Filter>include</Filter>
    </ClInclude>
    <ClInclude Include="include\http\Status.hpp">
      <Filter>include</Filter>
    </ClInclude>
    <ClInclude Include="include\http\Headers.hpp">
      <Filter>include</Filter>
    </ClInclude>
    <ClInclude Include="include\http\Url.hpp">
      <Filter>include</Filter>
    </ClInclude>
    <ClInclude Include="include\http\net\OpenSslSocket.hpp">
      <Filter>include\net</Filter>
    </ClInclude>
    <ClInclude Include="include\http\net\Socket.hpp">
      <Filter>include\net</Filter>
    </ClInclude>
    <ClInclude Include="include\http\net\SchannelSocket.hpp">
      <Filter>include\net</Filter>
    </ClInclude>
    <ClInclude Include="include\http\net\TcpSocket.hpp">
      <Filter>include\net</Filter>
    </ClInclude>
    <ClInclude Include="include\http\net\Net.hpp">
      <Filter>include\net</Filter>
    </ClInclude>
    <ClInclude Include="source\String.hpp">
      <Filter>source</Filter>
    </ClInclude>
    <ClInclude Include="include\http\net\Os.hpp">
      <Filter>include\net</Filter>
    </ClInclude>
    <ClInclude Include="include\http\net\TlsSocket.hpp">
      <Filter>include\net</Filter>
    </ClInclude>
    <ClInclude Include="include\http\net\TcpListenSocket.hpp">
      <Filter>include\net</Filter>
    </ClInclude>
    <ClInclude Include="include\http\Request.hpp">
      <Filter>include</Filter>
    </ClInclude>
    <ClInclude Include="include\http\Method.hpp">
      <Filter>include</Filter>
    </ClInclude>
    <ClInclude Include="include\http\Response.hpp">
      <Filter>include</Filter>
    </ClInclude>
    <ClInclude Include="include\http\core\ParserUtils.hpp">
      <Filter>include\core</Filter>
    </ClInclude>
    <ClInclude Include="include\http\core\Parser.hpp">
      <Filter>include\core</Filter>
    </ClInclude>
    <ClInclude Include="include\http\Version.hpp">
      <Filter>include</Filter>
    </ClInclude>
    <ClInclude Include="include\http\client\ClientConnection.hpp">
      <Filter>include\client</Filter>
    </ClInclude>
    <ClInclude Include="include\http\core\Writer.hpp">
      <Filter>include\core</Filter>
    </ClInclude>
    <ClInclude Include="include\http\client\Client.hpp">
      <Filter>include\client</Filter>
    </ClInclude>
    <ClInclude Include="include\http\client\SocketFactory.hpp">
      <Filter>include\client</Filter>
    </ClInclude>
    <ClInclude Include="include\http\client\AsyncClient.hpp">
      <Filter>include\client</Filter>
    </ClInclude>
    <ClInclude Include="include\http\server\CoreServer.hpp">
      <Filter>include\server</Filter>
    </ClInclude>
    <ClInclude Include="include\http\server\Router.hpp">
      <Filter>include\server</Filter>
    </ClInclude>
    <ClInclude Include="include\http\Error.hpp">
      <Filter>include\core</Filter>
    </ClInclude>
    <ClInclude Include="include\http\util\Thread.hpp">
      <Filter>include</Filter>
    </ClInclude>
    <ClInclude Include="include\http\headers\Accept.hpp">
      <Filter>include\headers</Filter>
    </ClInclude>
    <ClInclude Include="include\http\net\TlsListenSocket.hpp">
      <Filter>include\net</Filter>
    </ClInclude>
    <ClInclude Include="include\http\net\SchannelListenSocket.hpp">
      <Filter>include\net</Filter>
    </ClInclude>
    <ClInclude Include="source\net\Schannel.hpp">
      <Filter>source\net</Filter>
    </ClInclude>
    <ClInclude Include="source\net\SocketUtils.hpp">
      <Filter>source\net</Filter>
    </ClInclude>
    <ClInclude Include="include\http\net\OpenSslListenSocket.hpp">
      <Filter>include\net</Filter>
    </ClInclude>
    <ClInclude Include="include\http\net\Cert.hpp">
      <Filter>include\net</Filter>
    </ClInclude>
  </ItemGroup>
  <ItemGroup>
    <ClCompile Include="source\Time.cpp">
      <Filter>source</Filter>
    </ClCompile>
    <ClCompile Include="source\Status.cpp">
      <Filter>source</Filter>
    </ClCompile>
    <ClCompile Include="source\Headers.cpp">
      <Filter>source</Filter>
    </ClCompile>
    <ClCompile Include="source\Url.cpp">
      <Filter>source</Filter>
    </ClCompile>
    <ClCompile Include="source\net\TcpSocket.cpp">
      <Filter>source\net</Filter>
    </ClCompile>
    <ClCompile Include="source\net\SchannelSocket.cpp">
      <Filter>source\net</Filter>
    </ClCompile>
    <ClCompile Include="source\net\OpenSslSocket.cpp">
      <Filter>source\net</Filter>
    </ClCompile>
    <ClCompile Include="source\net\TcpListenSocket.cpp">
      <Filter>source\net</Filter>
    </ClCompile>
    <ClCompile Include="source\net\Net.cpp">
      <Filter>source\net</Filter>
    </ClCompile>
    <ClCompile Include="source\net\Socket.cpp">
      <Filter>source\net</Filter>
    </ClCompile>
    <ClCompile Include="source\Method.cpp">
      <Filter>source</Filter>
    </ClCompile>
    <ClCompile Include="source\core\ParserUtils.cpp">
      <Filter>source\core</Filter>
    </ClCompile>
    <ClCompile Include="source\core\Parser.cpp">
      <Filter>source\core</Filter>
    </ClCompile>
    <ClCompile Include="source\client\ClientConnection.cpp">
      <Filter>source\client</Filter>
    </ClCompile>
    <ClCompile Include="source\client\Client.cpp">
      <Filter>source\client</Filter>
    </ClCompile>
    <ClCompile Include="source\client\AsyncClient.cpp">
      <Filter>source\client</Filter>
    </ClCompile>
    <ClCompile Include="source\server\CoreServer.cpp">
      <Filter>source\server</Filter>
    </ClCompile>
    <ClCompile Include="source\server\Router.cpp">
      <Filter>source\server</Filter>
    </ClCompile>
    <ClCompile Include="source\client\SocketFactory.cpp">
      <Filter>source\client</Filter>
    </ClCompile>
    <ClCompile Include="source\headers\Accept.cpp">
      <Filter>source\headers</Filter>
    </ClCompile>
    <ClCompile Include="source\net\SchannelListenSocket.cpp">
      <Filter>source\net</Filter>
    </ClCompile>
    <ClCompile Include="source\net\SchannelServerSocket.cpp">
      <Filter>source\net</Filter>
    </ClCompile>
    <ClCompile Include="source\net\OpenSslListenSocket.cpp">
      <Filter>source\net</Filter>
    </ClCompile>
    <ClCompile Include="source\net\Cert.cpp">
      <Filter>source\net</Filter>
    </ClCompile>
  </ItemGroup>
</Project>