<?xml version="1.0" encoding="utf-8"?>
<Project ToolsVersion="4.0" xmlns="http://schemas.microsoft.com/developer/msbuild/2003">
  <ItemGroup>
    <Filter Include="source">
      <UniqueIdentifier>{f7f6cfcd-886c-427e-9ee9-646124bacd50}</UniqueIdentifier>
    </Filter>
    <Filter Include="source\net">
      <UniqueIdentifier>{ca91ff06-7758-40ca-b6ac-53c07dd80106}</UniqueIdentifier>
    </Filter>
    <Filter Include="source\core">
      <UniqueIdentifier>{bab0b4a7-a771-47f5-93dd-7c0e7217d558}</UniqueIdentifier>
    </Filter>
    <Filter Include="source\client">
      <UniqueIdentifier>{0b826519-4ca7-4708-890d-17e4a0808f64}</UniqueIdentifier>
    </Filter>
    <Filter Include="source\server">
      <UniqueIdentifier>{2a03d343-3100-4840-8564-7535751e2820}</UniqueIdentifier>
    </Filter>
    <Filter Include="source\headers">
      <UniqueIdentifier>{3e1f61f6-15e1-4ee8-a9f4-af36f22a9937}</UniqueIdentifier>
    </Filter>
  </ItemGroup>
  <ItemGroup>
    <ClCompile Include="tests\Main.cpp">
      <Filter>source</Filter>
    </ClCompile>
    <ClCompile Include="tests\Time.cpp">
      <Filter>source</Filter>
    </ClCompile>
    <ClCompile Include="tests\Headers.cpp">
      <Filter>source</Filter>
    </ClCompile>
    <ClCompile Include="tests\Url.cpp">
      <Filter>source</Filter>
    </ClCompile>
    <ClCompile Include="tests\net\TcpSocket.cpp">
      <Filter>source\net</Filter>
    </ClCompile>
    <ClCompile Include="tests\net\TlsSocket.cpp">
      <Filter>source\net</Filter>
    </ClCompile>
    <ClCompile Include="tests\core\ParserUtils.cpp">
      <Filter>source\core</Filter>
    </ClCompile>
    <ClCompile Include="tests\core\Parser.cpp">
      <Filter>source\core</Filter>
    </ClCompile>
    <ClCompile Include="tests\client\ClientConnection.cpp">
      <Filter>source\client</Filter>
    </ClCompile>
    <ClCompile Include="tests\client\Client.cpp">
      <Filter>source\client</Filter>
    </ClCompile>
    <ClCompile Include="tests\client\AsyncClient.cpp">
      <Filter>source\client</Filter>
    </ClCompile>
    <ClCompile Include="tests\server\Router.cpp">
      <Filter>source\server</Filter>
    </ClCompile>
    <ClCompile Include="tests\headers\Accept.cpp">
      <Filter>source\headers</Filter>
    </ClCompile>
    <ClCompile Include="tests\net\TlsServer.cpp">
      <Filter>source\net</Filter>
    </ClCompile>
    <ClCompile Include="tests\server\CoreServer.cpp">
      <Filter>source\server</Filter>
    </ClCompile>
    <ClCompile Include="tests\net\Cert.cpp">
      <Filter>source\net</Filter>
    </ClCompile>
    <ClCompile Include="tests\TestSocketFactory.cpp">
      <Filter>source</Filter>
    </ClCompile>
  </ItemGroup>
  <ItemGroup>
    <ClInclude Include="tests\TestSocket.hpp">
      <Filter>source</Filter>
    </ClInclude>
    <ClInclude Include="tests\TestSocketFactory.hpp">
      <Filter>source</Filter>
    </ClInclude>
    <ClInclude Include="tests\TestThread.hpp">
      <Filter>source</Filter>
    </ClInclude>
  </ItemGroup>
</Project>