<?xml version="1.0" encoding="utf-8"?>
<Project ToolsVersion="4.0" xmlns="http://schemas.microsoft.com/developer/msbuild/2003">
  <ItemGroup>
    <Filter Include="source">
      <UniqueIdentifier>{a5937bb3-c620-4aab-b8f9-e943588dc5e7}</UniqueIdentifier>
    </Filter>
    <Filter Include="include">
      <UniqueIdentifier>{46073d7c-bce5-42a1-b704-8ee63774878c}</UniqueIdentifier>
    </Filter>
  </ItemGroup>
  <ItemGroup>
    <ClInclude Include="include\http\Time.hpp">
      <Filter>include</Filter>
    </ClInclude>
    <ClInclude Include="include\http\Status.hpp">
      <Filter>include</Filter>
    </ClInclude>
    <ClInclude Include="include\http\Headers.hpp">
      <Filter>include</Filter>
    </ClInclude>
  </ItemGroup>
  <ItemGroup>
    <ClCompile Include="source\Time.cpp">
      <Filter>source</Filter>
    </ClCompile>
    <ClCompile Include="source\Status.cpp">
      <Filter>source</Filter>
    </ClCompile>
    <ClCompile Include="source\Headers.cpp">
      <Filter>source</Filter>
    </ClCompile>
  </ItemGroup>
</Project>